version = 1
revision = 1
requires-python = ">=3.13"

[[package]]
name = "backend"
version = "0.1.0"
source = { virtual = "." }
dependencies = [
    { name = "beautifulsoup4" },
    { name = "python-multipart" },
]

[package.metadata]
requires-dist = [
    { name = "beautifulsoup4", specifier = ">=4.15.0" },
    { name = "python-multipart", specifier = ">=0.0.32" },
]

[[package]]
name = "beautifulsoup4"
version = "4.15.0"
source = { registry = "https://pypi.org/simple" }
dependencies = [
    { name = "soupsieve" },
    { name = "typing-extensions" },
]
sdist = { url = "https://files.pythonhosted.org/packages/43/65/318323f98dbee45d42dff61d8f047181bc6f2268a9068cfad035a46be5af/beautifulsoup4-4.15.0.tar.gz", hash = "sha256:288e3ca7d54b06f2ac191970bc275c1939cb46d450b255bf6718b04aa37ab4f7", size = 632571 }
wheels = [
    { url = "https://files.pythonhosted.org/packages/88/c6/92fcd42f1ba33e1184263f25bfabf3d27c383410470f169e4b8163bf9c17/beautifulsoup4-4.15.0-py3-none-any.whl", hash = "sha256:d6f88de62e1d4e38ecb1077eb9724cd0eff29d2a08ca16a401e9b9e93f117cf9", size = 109924 },
]

[[package]]
name = "python-multipart"
version = "0.0.32"
source = { registry = "https://pypi.org/simple" }
sdist = { url = "https://files.pythonhosted.org/packages/5b/42/55c32bb9b12693c092ad250a0e82edb5b31ddeda6eb772de5f308b3804ad/python_multipart-0.0.32.tar.gz", hash = "sha256:be54b7f3fa167bb83e4fcd936b887b708f4e57fe75911c02aebf53efaf8d938e", size = 46881 }
wheels = [
    { url = "https://files.pythonhosted.org/packages/e1/04/e8135ebd1ad02c56ec633277529b2602ff99ff634be76cdba5744cf554fd/python_multipart-0.0.32-py3-none-any.whl", hash = "sha256:ff6d3f776f16878c894e52e107296ffc890e913c611b1a4ec6c44e2821fe2e23", size = 30042 },
]

[[package]]
name = "soupsieve"
version = "2.9.2"
source = { registry = "https://pypi.org/simple" }
sdist = { url = "https://files.pythonhosted.org/packages/69/99/a6ca3beb3ccacb41fb3321d8a60e5566f9e6467601ef8eba6a17e1b89778/soupsieve-2.9.2.tar.gz", hash = "sha256:4a55d8cf158a9c2e587fa4922f1bbb91d68ac829e2d6f25403a85747c71daf74", size = 122445 }
wheels = [
    { url = "https://files.pythonhosted.org/packages/eb/dc/ad025c1ee131eba60c69f4dd5779b18fcf1e6b21a343e2162a84d5d133c7/soupsieve-2.9.2-py3-none-any.whl", hash = "sha256:8089a26fd974ca7a1f30276d3d8492ab266ab15af581642dfe8aa162e0c1c823", size = 37370 },
]

[[package]]
name = "typing-extensions"
version = "4.16.0"
source = { registry = "https://pypi.org/simple" }
sdist = { url = "https://files.pythonhosted.org/packages/f6/cc/6253133b5bb138fc3306cebfbda2c520f545d36b5be2c7255cc528bb45d6/typing_extensions-4.16.0.tar.gz", hash = "sha256:dc983d19a509c94dba722ee6abd33940f7c05a89e243c47e907eb4db6f1a43e5", size = 113555 }
wheels = [
    { url = "https://files.pythonhosted.org/packages/49/d3/b8441a820a491ddfc024b0b0cf0393375b75ea13866d9c66727e54c2fc80/typing_extensions-4.16.0-py3-none-any.whl", hash = "sha256:481caa481374e813c1b176ada14e97f1f67a4539ce9cfeb3f350d78d6370c2e8", size = 45571 },
]
